
Microsoft Visual Studio Solution File, Format Version 12.00
# Visual Studio 2012
Project("{F184B08F-C81C-45F6-A57F-5ABD9991F28F}") = "PECII", "WindowsApplication2\PECII.vbproj", "{F08C0F54-1670-423C-BB60-76166EDFCF66}"
EndProject
Project("{F184B08F-C81C-45F6-A57F-5ABD9991F28F}") = "BC", "ClassLibrary1\BC.vbproj", "{8071E56B-BA1C-4C2D-8877-E650D3AEBD7F}"
EndProject
Global
	GlobalSection(SolutionConfigurationPlatforms) = preSolution
		Debug|Any CPU = Debug|Any CPU
		Release|Any CPU = Release|Any CPU
	EndGlobalSection
	GlobalSection(ProjectConfigurationPlatforms) = postSolution
		{F08C0F54-1670-423C-BB60-76166EDFCF66}.Debug|Any CPU.ActiveCfg = Debug|Any CPU
		{F08C0F54-1670-423C-BB60-76166EDFCF66}.Debug|Any CPU.Build.0 = Debug|Any CPU
		{F08C0F54-1670-423C-BB60-76166EDFCF66}.Release|Any CPU.ActiveCfg = Release|Any CPU
		{F08C0F54-1670-423C-BB60-76166EDFCF66}.Release|Any CPU.Build.0 = Release|Any CPU
		{8071E56B-BA1C-4C2D-8877-E650D3AEBD7F}.Debug|Any CPU.ActiveCfg = Debug|Any CPU
		{8071E56B-BA1C-4C2D-8877-E650D3AEBD7F}.Debug|Any CPU.Build.0 = Debug|Any CPU
		{8071E56B-BA1C-4C2D-8877-E650D3AEBD7F}.Release|Any CPU.ActiveCfg = Release|Any CPU
		{8071E56B-BA1C-4C2D-8877-E650D3AEBD7F}.Release|Any CPU.Build.0 = Release|Any CPU
	EndGlobalSection
	GlobalSection(SolutionProperties) = preSolution
		HideSolutionNode = FALSE
	EndGlobalSection
EndGlobal
